// !$*UTF8*$!
{
	archiveVersion = 1;
	classes = {
	};
	objectVersion = 55;
	objects = {

/* Begin PBXBuildFile section */
		3E7E958D293CB75D00B15686 /* CurrencySymbolsRepositoryProtocol.swift in Sources */ = {isa = PBXBuildFile; fileRef = 3E7E958C293CB75D00B15686 /* CurrencySymbolsRepositoryProtocol.swift */; };
		3E7E9590293CB87F00B15686 /* CurrencySymbolsRepository.swift in Sources */ = {isa = PBXBuildFile; fileRef = 3E7E958F293CB87F00B15686 /* CurrencySymbolsRepository.swift */; };
		3E7E9593293CC00A00B15686 /* ListCurrencySymbolsUseCase.swift in Sources */ = {isa = PBXBuildFile; fileRef = 3E7E9592293CC00A00B15686 /* ListCurrencySymbolsUseCase.swift */; };
		3E7E9596293CC6C800B15686 /* CurrencyConverterViewModelType.swift in Sources */ = {isa = PBXBuildFile; fileRef = 3E7E9594293CC6C800B15686 /* CurrencyConverterViewModelType.swift */; };
		3E7E9597293CC6C800B15686 /* CurrencyConverterViewModel.swift in Sources */ = {isa = PBXBuildFile; fileRef = 3E7E9595293CC6C800B15686 /* CurrencyConverterViewModel.swift */; };
		3E7E9599293CC70500B15686 /* CurrencyConverterViewController.swift in Sources */ = {isa = PBXBuildFile; fileRef = 3E7E9598293CC70500B15686 /* CurrencyConverterViewController.swift */; };
		3ED58575293B609600CB46E8 /* CurrencyConverterViewController.xib in Resources */ = {isa = PBXBuildFile; fileRef = 3ED58574293B609600CB46E8 /* CurrencyConverterViewController.xib */; };
		3ED58578293B633700CB46E8 /* ListViewController.swift in Sources */ = {isa = PBXBuildFile; fileRef = 3ED58576293B633700CB46E8 /* ListViewController.swift */; };
		3ED58579293B633700CB46E8 /* ListViewController.xib in Resources */ = {isa = PBXBuildFile; fileRef = 3ED58577293B633700CB46E8 /* ListViewController.xib */; };
		3ED58582293B77BF00CB46E8 /* Currencies.swift in Sources */ = {isa = PBXBuildFile; fileRef = 3ED58581293B77BF00CB46E8 /* Currencies.swift */; };
		3ED58586293B782E00CB46E8 /* CurrenciesDTO.swift in Sources */ = {isa = PBXBuildFile; fileRef = 3ED58585293B782E00CB46E8 /* CurrenciesDTO.swift */; };
		3ED5858A293B8A6300CB46E8 /* NetworkConfigurations.swift in Sources */ = {isa = PBXBuildFile; fileRef = 3ED58589293B8A6300CB46E8 /* NetworkConfigurations.swift */; };
		3ED5858C293B8A7200CB46E8 /* Request.swift in Sources */ = {isa = PBXBuildFile; fileRef = 3ED5858B293B8A7200CB46E8 /* Request.swift */; };
		3ED5858E293BC62700CB46E8 /* Endpoints.swift in Sources */ = {isa = PBXBuildFile; fileRef = 3ED5858D293BC62700CB46E8 /* Endpoints.swift */; };
		3ED58590293BCF0600CB46E8 /* NetworkClient.swift in Sources */ = {isa = PBXBuildFile; fileRef = 3ED5858F293BCF0600CB46E8 /* NetworkClient.swift */; };
		3ED58594293BD70500CB46E8 /* Encodable As Dictionary.swift in Sources */ = {isa = PBXBuildFile; fileRef = 3ED58593293BD70500CB46E8 /* Encodable As Dictionary.swift */; };
		3ED58598293BD7A600CB46E8 /* NetworkingManager.swift in Sources */ = {isa = PBXBuildFile; fileRef = 3ED58597293BD7A600CB46E8 /* NetworkingManager.swift */; };
		3ED99D48293A6AB2007A12AA /* AppDelegate.swift in Sources */ = {isa = PBXBuildFile; fileRef = 3ED99D47293A6AB2007A12AA /* AppDelegate.swift */; };
		3ED99D4A293A6AB2007A12AA /* SceneDelegate.swift in Sources */ = {isa = PBXBuildFile; fileRef = 3ED99D49293A6AB2007A12AA /* SceneDelegate.swift */; };
		3ED99D51293A6AB4007A12AA /* Assets.xcassets in Resources */ = {isa = PBXBuildFile; fileRef = 3ED99D50293A6AB4007A12AA /* Assets.xcassets */; };
		3ED99D54293A6AB4007A12AA /* LaunchScreen.storyboard in Resources */ = {isa = PBXBuildFile; fileRef = 3ED99D52293A6AB4007A12AA /* LaunchScreen.storyboard */; };
		3ED99D5C293A7827007A12AA /* AppConfigurations.swift in Sources */ = {isa = PBXBuildFile; fileRef = 3ED99D5B293A7827007A12AA /* AppConfigurations.swift */; };
/* End PBXBuildFile section */

/* Begin PBXFileReference section */
		3E7E958C293CB75D00B15686 /* CurrencySymbolsRepositoryProtocol.swift */ = {isa = PBXFileReference; lastKnownFileType = sourcecode.swift; path = CurrencySymbolsRepositoryProtocol.swift; sourceTree = "<group>"; };
		3E7E958F293CB87F00B15686 /* CurrencySymbolsRepository.swift */ = {isa = PBXFileReference; lastKnownFileType = sourcecode.swift; path = CurrencySymbolsRepository.swift; sourceTree = "<group>"; };
		3E7E9592293CC00A00B15686 /* ListCurrencySymbolsUseCase.swift */ = {isa = PBXFileReference; lastKnownFileType = sourcecode.swift; path = ListCurrencySymbolsUseCase.swift; sourceTree = "<group>"; };
		3E7E9594293CC6C800B15686 /* CurrencyConverterViewModelType.swift */ = {isa = PBXFileReference; lastKnownFileType = sourcecode.swift; path = CurrencyConverterViewModelType.swift; sourceTree = "<group>"; };
		3E7E9595293CC6C800B15686 /* CurrencyConverterViewModel.swift */ = {isa = PBXFileReference; lastKnownFileType = sourcecode.swift; path = CurrencyConverterViewModel.swift; sourceTree = "<group>"; };
		3E7E9598293CC70500B15686 /* CurrencyConverterViewController.swift */ = {isa = PBXFileReference; lastKnownFileType = sourcecode.swift; path = CurrencyConverterViewController.swift; sourceTree = "<group>"; };
		3ED58574293B609600CB46E8 /* CurrencyConverterViewController.xib */ = {isa = PBXFileReference; lastKnownFileType = file.xib; path = CurrencyConverterViewController.xib; sourceTree = "<group>"; };
		3ED58576293B633700CB46E8 /* ListViewController.swift */ = {isa = PBXFileReference; lastKnownFileType = sourcecode.swift; path = ListViewController.swift; sourceTree = "<group>"; };
		3ED58577293B633700CB46E8 /* ListViewController.xib */ = {isa = PBXFileReference; lastKnownFileType = file.xib; path = ListViewController.xib; sourceTree = "<group>"; };
		3ED58581293B77BF00CB46E8 /* Currencies.swift */ = {isa = PBXFileReference; lastKnownFileType = sourcecode.swift; path = Currencies.swift; sourceTree = "<group>"; };
		3ED58585293B782E00CB46E8 /* CurrenciesDTO.swift */ = {isa = PBXFileReference; lastKnownFileType = sourcecode.swift; path = CurrenciesDTO.swift; sourceTree = "<group>"; };
		3ED58589293B8A6300CB46E8 /* NetworkConfigurations.swift */ = {isa = PBXFileReference; lastKnownFileType = sourcecode.swift; path = NetworkConfigurations.swift; sourceTree = "<group>"; };
		3ED5858B293B8A7200CB46E8 /* Request.swift */ = {isa = PBXFileReference; lastKnownFileType = sourcecode.swift; path = Request.swift; sourceTree = "<group>"; };
		3ED5858D293BC62700CB46E8 /* Endpoints.swift */ = {isa = PBXFileReference; lastKnownFileType = sourcecode.swift; path = Endpoints.swift; sourceTree = "<group>"; };
		3ED5858F293BCF0600CB46E8 /* NetworkClient.swift */ = {isa = PBXFileReference; lastKnownFileType = sourcecode.swift; path = NetworkClient.swift; sourceTree = "<group>"; };
		3ED58593293BD70500CB46E8 /* Encodable As Dictionary.swift */ = {isa = PBXFileReference; lastKnownFileType = sourcecode.swift; path = "Encodable As Dictionary.swift"; sourceTree = "<group>"; };
		3ED58597293BD7A600CB46E8 /* NetworkingManager.swift */ = {isa = PBXFileReference; lastKnownFileType = sourcecode.swift; path = NetworkingManager.swift; sourceTree = "<group>"; };
		3ED99D44293A6AB2007A12AA /* CurrencyApp.app */ = {isa = PBXFileReference; explicitFileType = wrapper.application; includeInIndex = 0; path = CurrencyApp.app; sourceTree = BUILT_PRODUCTS_DIR; };
		3ED99D47293A6AB2007A12AA /* AppDelegate.swift */ = {isa = PBXFileReference; lastKnownFileType = sourcecode.swift; path = AppDelegate.swift; sourceTree = "<group>"; };
		3ED99D49293A6AB2007A12AA /* SceneDelegate.swift */ = {isa = PBXFileReference; lastKnownFileType = sourcecode.swift; path = SceneDelegate.swift; sourceTree = "<group>"; };
		3ED99D50293A6AB4007A12AA /* Assets.xcassets */ = {isa = PBXFileReference; lastKnownFileType = folder.assetcatalog; path = Assets.xcassets; sourceTree = "<group>"; };
		3ED99D53293A6AB4007A12AA /* Base */ = {isa = PBXFileReference; lastKnownFileType = file.storyboard; name = Base; path = Base.lproj/LaunchScreen.storyboard; sourceTree = "<group>"; };
		3ED99D55293A6AB4007A12AA /* Info.plist */ = {isa = PBXFileReference; lastKnownFileType = text.plist.xml; path = Info.plist; sourceTree = "<group>"; };
		3ED99D5B293A7827007A12AA /* AppConfigurations.swift */ = {isa = PBXFileReference; lastKnownFileType = sourcecode.swift; path = AppConfigurations.swift; sourceTree = "<group>"; };
/* End PBXFileReference section */

/* Begin PBXFrameworksBuildPhase section */
		3ED99D41293A6AB2007A12AA /* Frameworks */ = {
			isa = PBXFrameworksBuildPhase;
			buildActionMask = 2147483647;
			files = (
			);
			runOnlyForDeploymentPostprocessing = 0;
		};
/* End PBXFrameworksBuildPhase section */

/* Begin PBXGroup section */
		3E7E958B293CB73A00B15686 /* Interfaces */ = {
			isa = PBXGroup;
			children = (
				3E7E958E293CB76600B15686 /* Repositories */,
			);
			path = Interfaces;
			sourceTree = "<group>";
		};
		3E7E958E293CB76600B15686 /* Repositories */ = {
			isa = PBXGroup;
			children = (
				3E7E958C293CB75D00B15686 /* CurrencySymbolsRepositoryProtocol.swift */,
			);
			path = Repositories;
			sourceTree = "<group>";
		};
		3E7E9591293CBFC800B15686 /* UseCases */ = {
			isa = PBXGroup;
			children = (
				3E7E9592293CC00A00B15686 /* ListCurrencySymbolsUseCase.swift */,
			);
			path = UseCases;
			sourceTree = "<group>";
		};
		3ED5857A293B6FAF00CB46E8 /* Domain */ = {
			isa = PBXGroup;
			children = (
				3E7E9591293CBFC800B15686 /* UseCases */,
				3ED58580293B77AF00CB46E8 /* Entities */,
				3E7E958B293CB73A00B15686 /* Interfaces */,
			);
			path = Domain;
			sourceTree = "<group>";
		};
		3ED5857B293B6FB800CB46E8 /* Infrastructure */ = {
			isa = PBXGroup;
			children = (
				3ED58589293B8A6300CB46E8 /* NetworkConfigurations.swift */,
				3ED5858B293B8A7200CB46E8 /* Request.swift */,
				3ED5858F293BCF0600CB46E8 /* NetworkClient.swift */,
			);
			path = Infrastructure;
			sourceTree = "<group>";
		};
		3ED5857C293B6FC300CB46E8 /* Data */ = {
			isa = PBXGroup;
			children = (
				3ED58591293BD0BC00CB46E8 /* Repositories */,
				3ED58583293B780B00CB46E8 /* Network */,
			);
			path = Data;
			sourceTree = "<group>";
		};
		3ED5857D293B6FCA00CB46E8 /* Presentation */ = {
			isa = PBXGroup;
			children = (
				3ED5857F293B709300CB46E8 /* Scenes */,
			);
			path = Presentation;
			sourceTree = "<group>";
		};
		3ED5857E293B6FCF00CB46E8 /* Resources */ = {
			isa = PBXGroup;
			children = (
				3ED99D50293A6AB4007A12AA /* Assets.xcassets */,
				3ED99D52293A6AB4007A12AA /* LaunchScreen.storyboard */,
				3ED99D55293A6AB4007A12AA /* Info.plist */,
			);
			path = Resources;
			sourceTree = "<group>";
		};
		3ED5857F293B709300CB46E8 /* Scenes */ = {
			isa = PBXGroup;
			children = (
				3ED58588293B7A9400CB46E8 /* Currency Converter */,
				3ED58587293B7A8300CB46E8 /* List View Controller */,
			);
			path = Scenes;
			sourceTree = "<group>";
		};
		3ED58580293B77AF00CB46E8 /* Entities */ = {
			isa = PBXGroup;
			children = (
				3ED58581293B77BF00CB46E8 /* Currencies.swift */,
			);
			path = Entities;
			sourceTree = "<group>";
		};
		3ED58583293B780B00CB46E8 /* Network */ = {
			isa = PBXGroup;
			children = (
				3ED5858D293BC62700CB46E8 /* Endpoints.swift */,
				3ED58592293BD6F800CB46E8 /* Extensions */,
				3ED58584293B781A00CB46E8 /* DTOs */,
			);
			path = Network;
			sourceTree = "<group>";
		};
		3ED58584293B781A00CB46E8 /* DTOs */ = {
			isa = PBXGroup;
			children = (
				3ED58585293B782E00CB46E8 /* CurrenciesDTO.swift */,
			);
			path = DTOs;
			sourceTree = "<group>";
		};
		3ED58587293B7A8300CB46E8 /* List View Controller */ = {
			isa = PBXGroup;
			children = (
				3ED58576293B633700CB46E8 /* ListViewController.swift */,
				3ED58577293B633700CB46E8 /* ListViewController.xib */,
			);
			path = "List View Controller";
			sourceTree = "<group>";
		};
		3ED58588293B7A9400CB46E8 /* Currency Converter */ = {
			isa = PBXGroup;
			children = (
				3E7E9598293CC70500B15686 /* CurrencyConverterViewController.swift */,
				3ED58574293B609600CB46E8 /* CurrencyConverterViewController.xib */,
				3E7E9594293CC6C800B15686 /* CurrencyConverterViewModelType.swift */,
				3E7E9595293CC6C800B15686 /* CurrencyConverterViewModel.swift */,
			);
			path = "Currency Converter";
			sourceTree = "<group>";
		};
		3ED58591293BD0BC00CB46E8 /* Repositories */ = {
			isa = PBXGroup;
			children = (
				3E7E958F293CB87F00B15686 /* CurrencySymbolsRepository.swift */,
			);
			path = Repositories;
			sourceTree = "<group>";
		};
		3ED58592293BD6F800CB46E8 /* Extensions */ = {
			isa = PBXGroup;
			children = (
				3ED58593293BD70500CB46E8 /* Encodable As Dictionary.swift */,
			);
			path = Extensions;
			sourceTree = "<group>";
		};
		3ED58595293BD73000CB46E8 /* Application */ = {
			isa = PBXGroup;
			children = (
				3ED58596293BD73600CB46E8 /* Managers */,
			);
			path = Application;
			sourceTree = "<group>";
		};
		3ED58596293BD73600CB46E8 /* Managers */ = {
			isa = PBXGroup;
			children = (
				3ED99D5B293A7827007A12AA /* AppConfigurations.swift */,
				3ED58597293BD7A600CB46E8 /* NetworkingManager.swift */,
			);
			path = Managers;
			sourceTree = "<group>";
		};
		3ED99D3B293A6AB2007A12AA = {
			isa = PBXGroup;
			children = (
				3ED99D46293A6AB2007A12AA /* CurrencyApp */,
				3ED99D45293A6AB2007A12AA /* Products */,
			);
			sourceTree = "<group>";
		};
		3ED99D45293A6AB2007A12AA /* Products */ = {
			isa = PBXGroup;
			children = (
				3ED99D44293A6AB2007A12AA /* CurrencyApp.app */,
			);
			name = Products;
			sourceTree = "<group>";
		};
		3ED99D46293A6AB2007A12AA /* CurrencyApp */ = {
			isa = PBXGroup;
			children = (
				3ED99D47293A6AB2007A12AA /* AppDelegate.swift */,
				3ED99D49293A6AB2007A12AA /* SceneDelegate.swift */,
				3ED58595293BD73000CB46E8 /* Application */,
				3ED5857D293B6FCA00CB46E8 /* Presentation */,
				3ED5857A293B6FAF00CB46E8 /* Domain */,
				3ED5857C293B6FC300CB46E8 /* Data */,
				3ED5857B293B6FB800CB46E8 /* Infrastructure */,
				3ED5857E293B6FCF00CB46E8 /* Resources */,
			);
			path = CurrencyApp;
			sourceTree = "<group>";
		};
/* End PBXGroup section */

/* Begin PBXNativeTarget section */
		3ED99D43293A6AB2007A12AA /* CurrencyApp */ = {
			isa = PBXNativeTarget;
			buildConfigurationList = 3ED99D58293A6AB4007A12AA /* Build configuration list for PBXNativeTarget "CurrencyApp" */;
			buildPhases = (
				3ED99D40293A6AB2007A12AA /* Sources */,
				3ED99D41293A6AB2007A12AA /* Frameworks */,
				3ED99D42293A6AB2007A12AA /* Resources */,
			);
			buildRules = (
			);
			dependencies = (
			);
			name = CurrencyApp;
			productName = CurrencyApp;
			productReference = 3ED99D44293A6AB2007A12AA /* CurrencyApp.app */;
			productType = "com.apple.product-type.application";
		};
/* End PBXNativeTarget section */

/* Begin PBXProject section */
		3ED99D3C293A6AB2007A12AA /* Project object */ = {
			isa = PBXProject;
			attributes = {
				BuildIndependentTargetsInParallel = 1;
				LastSwiftUpdateCheck = 1340;
				LastUpgradeCheck = 1340;
				TargetAttributes = {
					3ED99D43293A6AB2007A12AA = {
						CreatedOnToolsVersion = 13.4;
					};
				};
			};
			buildConfigurationList = 3ED99D3F293A6AB2007A12AA /* Build configuration list for PBXProject "CurrencyApp" */;
			compatibilityVersion = "Xcode 13.0";
			developmentRegion = en;
			hasScannedForEncodings = 0;
			knownRegions = (
				en,
				Base,
			);
			mainGroup = 3ED99D3B293A6AB2007A12AA;
			productRefGroup = 3ED99D45293A6AB2007A12AA /* Products */;
			projectDirPath = "";
			projectRoot = "";
			targets = (
				3ED99D43293A6AB2007A12AA /* CurrencyApp */,
			);
		};
/* End PBXProject section */

/* Begin PBXResourcesBuildPhase section */
		3ED99D42293A6AB2007A12AA /* Resources */ = {
			isa = PBXResourcesBuildPhase;
			buildActionMask = 2147483647;
			files = (
				3ED58575293B609600CB46E8 /* CurrencyConverterViewController.xib in Resources */,
				3ED99D54293A6AB4007A12AA /* LaunchScreen.storyboard in Resources */,
				3ED58579293B633700CB46E8 /* ListViewController.xib in Resources */,
				3ED99D51293A6AB4007A12AA /* Assets.xcassets in Resources */,
			);
			runOnlyForDeploymentPostprocessing = 0;
		};
/* End PBXResourcesBuildPhase section */

/* Begin PBXSourcesBuildPhase section */
		3ED99D40293A6AB2007A12AA /* Sources */ = {
			isa = PBXSourcesBuildPhase;
			buildActionMask = 2147483647;
			files = (
				3E7E958D293CB75D00B15686 /* CurrencySymbolsRepositoryProtocol.swift in Sources */,
				3ED58590293BCF0600CB46E8 /* NetworkClient.swift in Sources */,
				3ED58582293B77BF00CB46E8 /* Currencies.swift in Sources */,
				3E7E9596293CC6C800B15686 /* CurrencyConverterViewModelType.swift in Sources */,
				3ED58586293B782E00CB46E8 /* CurrenciesDTO.swift in Sources */,
				3ED58594293BD70500CB46E8 /* Encodable As Dictionary.swift in Sources */,
				3ED5858A293B8A6300CB46E8 /* NetworkConfigurations.swift in Sources */,
				3E7E9590293CB87F00B15686 /* CurrencySymbolsRepository.swift in Sources */,
				3E7E9593293CC00A00B15686 /* ListCurrencySymbolsUseCase.swift in Sources */,
				3ED5858E293BC62700CB46E8 /* Endpoints.swift in Sources */,
				3ED99D48293A6AB2007A12AA /* AppDelegate.swift in Sources */,
				3ED58598293BD7A600CB46E8 /* NetworkingManager.swift in Sources */,
				3ED99D5C293A7827007A12AA /* AppConfigurations.swift in Sources */,
				3E7E9597293CC6C800B15686 /* CurrencyConverterViewModel.swift in Sources */,
				3ED58578293B633700CB46E8 /* ListViewController.swift in Sources */,
				3E7E9599293CC70500B15686 /* CurrencyConverterViewController.swift in Sources */,
				3ED5858C293B8A7200CB46E8 /* Request.swift in Sources */,
				3ED99D4A293A6AB2007A12AA /* SceneDelegate.swift in Sources */,
			);
			runOnlyForDeploymentPostprocessing = 0;
		};
/* End PBXSourcesBuildPhase section */

/* Begin PBXVariantGroup section */
		3ED99D52293A6AB4007A12AA /* LaunchScreen.storyboard */ = {
			isa = PBXVariantGroup;
			children = (
				3ED99D53293A6AB4007A12AA /* Base */,
			);
			name = LaunchScreen.storyboard;
			sourceTree = "<group>";
		};
/* End PBXVariantGroup section */

/* Begin XCBuildConfiguration section */
		3ED99D56293A6AB4007A12AA /* Debug */ = {
			isa = XCBuildConfiguration;
			buildSettings = {
				ALWAYS_SEARCH_USER_PATHS = NO;
				CLANG_ANALYZER_NONNULL = YES;
				CLANG_ANALYZER_NUMBER_OBJECT_CONVERSION = YES_AGGRESSIVE;
				CLANG_CXX_LANGUAGE_STANDARD = "gnu++17";
				CLANG_ENABLE_MODULES = YES;
				CLANG_ENABLE_OBJC_ARC = YES;
				CLANG_ENABLE_OBJC_WEAK = YES;
				CLANG_WARN_BLOCK_CAPTURE_AUTORELEASING = YES;
				CLANG_WARN_BOOL_CONVERSION = YES;
				CLANG_WARN_COMMA = YES;
				CLANG_WARN_CONSTANT_CONVERSION = YES;
				CLANG_WARN_DEPRECATED_OBJC_IMPLEMENTATIONS = YES;
				CLANG_WARN_DIRECT_OBJC_ISA_USAGE = YES_ERROR;
				CLANG_WARN_DOCUMENTATION_COMMENTS = YES;
				CLANG_WARN_EMPTY_BODY = YES;
				CLANG_WARN_ENUM_CONVERSION = YES;
				CLANG_WARN_INFINITE_RECURSION = YES;
				CLANG_WARN_INT_CONVERSION = YES;
				CLANG_WARN_NON_LITERAL_NULL_CONVERSION = YES;
				CLANG_WARN_OBJC_IMPLICIT_RETAIN_SELF = YES;
				CLANG_WARN_OBJC_LITERAL_CONVERSION = YES;
				CLANG_WARN_OBJC_ROOT_CLASS = YES_ERROR;
				CLANG_WARN_QUOTED_INCLUDE_IN_FRAMEWORK_HEADER = YES;
				CLANG_WARN_RANGE_LOOP_ANALYSIS = YES;
				CLANG_WARN_STRICT_PROTOTYPES = YES;
				CLANG_WARN_SUSPICIOUS_MOVE = YES;
				CLANG_WARN_UNGUARDED_AVAILABILITY = YES_AGGRESSIVE;
				CLANG_WARN_UNREACHABLE_CODE = YES;
				CLANG_WARN__DUPLICATE_METHOD_MATCH = YES;
				COPY_PHASE_STRIP = NO;
				DEBUG_INFORMATION_FORMAT = dwarf;
				ENABLE_STRICT_OBJC_MSGSEND = YES;
				ENABLE_TESTABILITY = YES;
				GCC_C_LANGUAGE_STANDARD = gnu11;
				GCC_DYNAMIC_NO_PIC = NO;
				GCC_NO_COMMON_BLOCKS = YES;
				GCC_OPTIMIZATION_LEVEL = 0;
				GCC_PREPROCESSOR_DEFINITIONS = (
					"DEBUG=1",
					"$(inherited)",
				);
				GCC_WARN_64_TO_32_BIT_CONVERSION = YES;
				GCC_WARN_ABOUT_RETURN_TYPE = YES_ERROR;
				GCC_WARN_UNDECLARED_SELECTOR = YES;
				GCC_WARN_UNINITIALIZED_AUTOS = YES_AGGRESSIVE;
				GCC_WARN_UNUSED_FUNCTION = YES;
				GCC_WARN_UNUSED_VARIABLE = YES;
				IPHONEOS_DEPLOYMENT_TARGET = 15.5;
				MTL_ENABLE_DEBUG_INFO = INCLUDE_SOURCE;
				MTL_FAST_MATH = YES;
				ONLY_ACTIVE_ARCH = YES;
				SDKROOT = iphoneos;
				SWIFT_ACTIVE_COMPILATION_CONDITIONS = DEBUG;
				SWIFT_OPTIMIZATION_LEVEL = "-Onone";
			};
			name = Debug;
		};
		3ED99D57293A6AB4007A12AA /* Release */ = {
			isa = XCBuildConfiguration;
			buildSettings = {
				ALWAYS_SEARCH_USER_PATHS = NO;
				CLANG_ANALYZER_NONNULL = YES;
				CLANG_ANALYZER_NUMBER_OBJECT_CONVERSION = YES_AGGRESSIVE;
				CLANG_CXX_LANGUAGE_STANDARD = "gnu++17";
				CLANG_ENABLE_MODULES = YES;
				CLANG_ENABLE_OBJC_ARC = YES;
				CLANG_ENABLE_OBJC_WEAK = YES;
				CLANG_WARN_BLOCK_CAPTURE_AUTORELEASING = YES;
				CLANG_WARN_BOOL_CONVERSION = YES;
				CLANG_WARN_COMMA = YES;
				CLANG_WARN_CONSTANT_CONVERSION = YES;
				CLANG_WARN_DEPRECATED_OBJC_IMPLEMENTATIONS = YES;
				CLANG_WARN_DIRECT_OBJC_ISA_USAGE = YES_ERROR;
				CLANG_WARN_DOCUMENTATION_COMMENTS = YES;
				CLANG_WARN_EMPTY_BODY = YES;
				CLANG_WARN_ENUM_CONVERSION = YES;
				CLANG_WARN_INFINITE_RECURSION = YES;
				CLANG_WARN_INT_CONVERSION = YES;
				CLANG_WARN_NON_LITERAL_NULL_CONVERSION = YES;
				CLANG_WARN_OBJC_IMPLICIT_RETAIN_SELF = YES;
				CLANG_WARN_OBJC_LITERAL_CONVERSION = YES;
				CLANG_WARN_OBJC_ROOT_CLASS = YES_ERROR;
				CLANG_WARN_QUOTED_INCLUDE_IN_FRAMEWORK_HEADER = YES;
				CLANG_WARN_RANGE_LOOP_ANALYSIS = YES;
				CLANG_WARN_STRICT_PROTOTYPES = YES;
				CLANG_WARN_SUSPICIOUS_MOVE = YES;
				CLANG_WARN_UNGUARDED_AVAILABILITY = YES_AGGRESSIVE;
				CLANG_WARN_UNREACHABLE_CODE = YES;
				CLANG_WARN__DUPLICATE_METHOD_MATCH = YES;
				COPY_PHASE_STRIP = NO;
				DEBUG_INFORMATION_FORMAT = "dwarf-with-dsym";
				ENABLE_NS_ASSERTIONS = NO;
				ENABLE_STRICT_OBJC_MSGSEND = YES;
				GCC_C_LANGUAGE_STANDARD = gnu11;
				GCC_NO_COMMON_BLOCKS = YES;
				GCC_WARN_64_TO_32_BIT_CONVERSION = YES;
				GCC_WARN_ABOUT_RETURN_TYPE = YES_ERROR;
				GCC_WARN_UNDECLARED_SELECTOR = YES;
				GCC_WARN_UNINITIALIZED_AUTOS = YES_AGGRESSIVE;
				GCC_WARN_UNUSED_FUNCTION = YES;
				GCC_WARN_UNUSED_VARIABLE = YES;
				IPHONEOS_DEPLOYMENT_TARGET = 15.5;
				MTL_ENABLE_DEBUG_INFO = NO;
				MTL_FAST_MATH = YES;
				SDKROOT = iphoneos;
				SWIFT_COMPILATION_MODE = wholemodule;
				SWIFT_OPTIMIZATION_LEVEL = "-O";
				VALIDATE_PRODUCT = YES;
			};
			name = Release;
		};
		3ED99D59293A6AB4007A12AA /* Debug */ = {
			isa = XCBuildConfiguration;
			buildSettings = {
				API_BASE_URL = "https://api.apilayer.com/fixer/";
				API_KEY = 52OsCCtGeXJRNYw6wrW7a5bocfL66FD9;
				ASSETCATALOG_COMPILER_APPICON_NAME = AppIcon;
				ASSETCATALOG_COMPILER_GLOBAL_ACCENT_COLOR_NAME = AccentColor;
				CODE_SIGN_STYLE = Automatic;
				CURRENT_PROJECT_VERSION = 1;
				GENERATE_INFOPLIST_FILE = YES;
				INFOPLIST_FILE = CurrencyApp/Resources/Info.plist;
				INFOPLIST_KEY_UIApplicationSupportsIndirectInputEvents = YES;
				INFOPLIST_KEY_UILaunchStoryboardName = LaunchScreen;
				INFOPLIST_KEY_UISupportedInterfaceOrientations_iPad = "UIInterfaceOrientationPortrait UIInterfaceOrientationPortraitUpsideDown UIInterfaceOrientationLandscapeLeft UIInterfaceOrientationLandscapeRight";
				INFOPLIST_KEY_UISupportedInterfaceOrientations_iPhone = "UIInterfaceOrientationPortrait UIInterfaceOrientationLandscapeLeft UIInterfaceOrientationLandscapeRight";
				LD_RUNPATH_SEARCH_PATHS = (
					"$(inherited)",
					"@executable_path/Frameworks",
				);
				MARKETING_VERSION = 1.0;
				PRODUCT_BUNDLE_IDENTIFIER = soufian.CurrencyApp;
				PRODUCT_NAME = "$(TARGET_NAME)";
				SWIFT_EMIT_LOC_STRINGS = YES;
				SWIFT_VERSION = 5.0;
				TARGETED_DEVICE_FAMILY = "1,2";
			};
			name = Debug;
		};
		3ED99D5A293A6AB4007A12AA /* Release */ = {
			isa = XCBuildConfiguration;
			buildSettings = {
				API_BASE_URL = "https://api.apilayer.com/fixer/";
				API_KEY = 52OsCCtGeXJRNYw6wrW7a5bocfL66FD9;
				ASSETCATALOG_COMPILER_APPICON_NAME = AppIcon;
				ASSETCATALOG_COMPILER_GLOBAL_ACCENT_COLOR_NAME = AccentColor;
				CODE_SIGN_STYLE = Automatic;
				CURRENT_PROJECT_VERSION = 1;
				GENERATE_INFOPLIST_FILE = YES;
				INFOPLIST_FILE = CurrencyApp/Resources/Info.plist;
				INFOPLIST_KEY_UIApplicationSupportsIndirectInputEvents = YES;
				INFOPLIST_KEY_UILaunchStoryboardName = LaunchScreen;
				INFOPLIST_KEY_UISupportedInterfaceOrientations_iPad = "UIInterfaceOrientationPortrait UIInterfaceOrientationPortraitUpsideDown UIInterfaceOrientationLandscapeLeft UIInterfaceOrientationLandscapeRight";
				INFOPLIST_KEY_UISupportedInterfaceOrientations_iPhone = "UIInterfaceOrientationPortrait UIInterfaceOrientationLandscapeLeft UIInterfaceOrientationLandscapeRight";
				LD_RUNPATH_SEARCH_PATHS = (
					"$(inherited)",
					"@executable_path/Frameworks",
				);
				MARKETING_VERSION = 1.0;
				PRODUCT_BUNDLE_IDENTIFIER = soufian.CurrencyApp;
				PRODUCT_NAME = "$(TARGET_NAME)";
				SWIFT_EMIT_LOC_STRINGS = YES;
				SWIFT_VERSION = 5.0;
				TARGETED_DEVICE_FAMILY = "1,2";
			};
			name = Release;
		};
/* End XCBuildConfiguration section */

/* Begin XCConfigurationList section */
		3ED99D3F293A6AB2007A12AA /* Build configuration list for PBXProject "CurrencyApp" */ = {
			isa = XCConfigurationList;
			buildConfigurations = (
				3ED99D56293A6AB4007A12AA /* Debug */,
				3ED99D57293A6AB4007A12AA /* Release */,
			);
			defaultConfigurationIsVisible = 0;
			defaultConfigurationName = Release;
		};
		3ED99D58293A6AB4007A12AA /* Build configuration list for PBXNativeTarget "CurrencyApp" */ = {
			isa = XCConfigurationList;
			buildConfigurations = (
				3ED99D59293A6AB4007A12AA /* Debug */,
				3ED99D5A293A6AB4007A12AA /* Release */,
			);
			defaultConfigurationIsVisible = 0;
			defaultConfigurationName = Release;
		};
/* End XCConfigurationList section */
	};
	rootObject = 3ED99D3C293A6AB2007A12AA /* Project object */;
}
